
Microsoft Visual Studio Solution File, Format Version 12.00
# Visual Studio 15
VisualStudioVersion = 15.0.28307.329
MinimumVisualStudioVersion = 10.0.40219.1
Project("{FAE04EC0-301F-11D3-BF4B-00C04F79EFBC}") = "shapes", "shapes\shapes.csproj", "{6DD7F20C-FCCC-446B-B5D1-07C041B08F23}"
EndProject
Project("{FAE04EC0-301F-11D3-BF4B-00C04F79EFBC}") = "loops", "loops\loops.csproj", "{E5D2E963-EEBE-4AD0-AD25-3EAA6AF77BED}"
EndProject
Project("{FAE04EC0-301F-11D3-BF4B-00C04F79EFBC}") = "loops2", "loops2\loops2.csproj", "{D8D27004-8969-45B1-A1A8-FCD24E821210}"
EndProject
Global
	GlobalSection(SolutionConfigurationPlatforms) = preSolution
		Debug|Any CPU = Debug|Any CPU
		Release|Any CPU = Release|Any CPU
	EndGlobalSection
	GlobalSection(ProjectConfigurationPlatforms) = postSolution
		{6DD7F20C-FCCC-446B-B5D1-07C041B08F23}.Debug|Any CPU.ActiveCfg = Debug|Any CPU
		{6DD7F20C-FCCC-446B-B5D1-07C041B08F23}.Debug|Any CPU.Build.0 = Debug|Any CPU
		{6DD7F20C-FCCC-446B-B5D1-07C041B08F23}.Release|Any CPU.ActiveCfg = Release|Any CPU
		{6DD7F20C-FCCC-446B-B5D1-07C041B08F23}.Release|Any CPU.Build.0 = Release|Any CPU
		{E5D2E963-EEBE-4AD0-AD25-3EAA6AF77BED}.Debug|Any CPU.ActiveCfg = Debug|Any CPU
		{E5D2E963-EEBE-4AD0-AD25-3EAA6AF77BED}.Debug|Any CPU.Build.0 = Debug|Any CPU
		{E5D2E963-EEBE-4AD0-AD25-3EAA6AF77BED}.Release|Any CPU.ActiveCfg = Release|Any CPU
		{E5D2E963-EEBE-4AD0-AD25-3EAA6AF77BED}.Release|Any CPU.Build.0 = Release|Any CPU
		{D8D27004-8969-45B1-A1A8-FCD24E821210}.Debug|Any CPU.ActiveCfg = Debug|Any CPU
		{D8D27004-8969-45B1-A1A8-FCD24E821210}.Debug|Any CPU.Build.0 = Debug|Any CPU
		{D8D27004-8969-45B1-A1A8-FCD24E821210}.Release|Any CPU.ActiveCfg = Release|Any CPU
		{D8D27004-8969-45B1-A1A8-FCD24E821210}.Release|Any CPU.Build.0 = Release|Any CPU
	EndGlobalSection
	GlobalSection(SolutionProperties) = preSolution
		HideSolutionNode = FALSE
	EndGlobalSection
	GlobalSection(ExtensibilityGlobals) = postSolution
		SolutionGuid = {6B0AE98D-7FB5-4C32-808C-EC64C219FA3B}
	EndGlobalSection
EndGlobal
